
Microsoft Visual Studio Solution File, Format Version 12.00
# Visual Studio Version 16
VisualStudioVersion = 16.0.29418.71
MinimumVisualStudioVersion = 10.0.40219.1
Project("{FAE04EC0-301F-11D3-BF4B-00C04F79EFBC}") = "ViewPimNoite", "ViewPimNoite\ViewPimNoite.csproj", "{937CFCA2-C60C-482F-89C4-4BC6F1E611A6}"
EndProject
Project("{FAE04EC0-301F-11D3-BF4B-00C04F79EFBC}") = "controllerPimNoite", "controllerPimNoite\controllerPimNoite.csproj", "{D586B244-7AAB-4256-A64E-0EDD5D4DF85C}"
EndProject
Project("{FAE04EC0-301F-11D3-BF4B-00C04F79EFBC}") = "modelPimNoite", "modelPimNoite\modelPimNoite.csproj", "{733EB66D-BD82-4DDA-90F5-232C49A09D01}"
EndProject
Global
	GlobalSection(SolutionConfigurationPlatforms) = preSolution
		Debug|Any CPU = Debug|Any CPU
		Release|Any CPU = Release|Any CPU
	EndGlobalSection
	GlobalSection(ProjectConfigurationPlatforms) = postSolution
		{937CFCA2-C60C-482F-89C4-4BC6F1E611A6}.Debug|Any CPU.ActiveCfg = Debug|Any CPU
		{937CFCA2-C60C-482F-89C4-4BC6F1E611A6}.Debug|Any CPU.Build.0 = Debug|Any CPU
		{937CFCA2-C60C-482F-89C4-4BC6F1E611A6}.Release|Any CPU.ActiveCfg = Release|Any CPU
		{937CFCA2-C60C-482F-89C4-4BC6F1E611A6}.Release|Any CPU.Build.0 = Release|Any CPU
		{D586B244-7AAB-4256-A64E-0EDD5D4DF85C}.Debug|Any CPU.ActiveCfg = Debug|Any CPU
		{D586B244-7AAB-4256-A64E-0EDD5D4DF85C}.Debug|Any CPU.Build.0 = Debug|Any CPU
		{D586B244-7AAB-4256-A64E-0EDD5D4DF85C}.Release|Any CPU.ActiveCfg = Release|Any CPU
		{D586B244-7AAB-4256-A64E-0EDD5D4DF85C}.Release|Any CPU.Build.0 = Release|Any CPU
		{733EB66D-BD82-4DDA-90F5-232C49A09D01}.Debug|Any CPU.ActiveCfg = Debug|Any CPU
		{733EB66D-BD82-4DDA-90F5-232C49A09D01}.Debug|Any CPU.Build.0 = Debug|Any CPU
		{733EB66D-BD82-4DDA-90F5-232C49A09D01}.Release|Any CPU.ActiveCfg = Release|Any CPU
		{733EB66D-BD82-4DDA-90F5-232C49A09D01}.Release|Any CPU.Build.0 = Release|Any CPU
	EndGlobalSection
	GlobalSection(SolutionProperties) = preSolution
		HideSolutionNode = FALSE
	EndGlobalSection
	GlobalSection(ExtensibilityGlobals) = postSolution
		SolutionGuid = {7FFF589B-2637-46DD-A480-21D12C44A937}
	EndGlobalSection
EndGlobal
